<?xml version="1.0" encoding="utf-8"?>
<Project ToolsVersion="4.0" xmlns="http://schemas.microsoft.com/developer/msbuild/2003">
  <ItemGroup>
    <ClCompile Include="Engine\Camera.cpp" />
    <ClCompile Include="Engine\Clock.cpp" />
    <ClCompile Include="Engine\Components\HierarchyNode.cpp" />
    <ClCompile Include="Engine\Components\Renderer.cpp" />
    <ClCompile Include="Engine\Components\RigidBody.cpp" />
    <ClCompile Include="Engine\Config\ConfigManager.cpp" />
    <ClCompile Include="Engine\Config\EngineConfig.cpp" />
    <ClCompile Include="Engine\Config\JsonConfig.cpp" />
    <ClCompile Include="Engine\EntityManager.cpp" />
    <ClCompile Include="Engine\GameTemplate\Game.cpp" />
    <ClCompile Include="Engine\GameWindow.cpp" />
    <ClCompile Include="Engine\Object.cpp" />
    <ClCompile Include="Engine\Render\DrawCall.cpp" />
    <ClCompile Include="Engine\Render\GameRenderer.cpp" />
    <ClCompile Include="Engine\Render\Texture.cpp" />
    <ClCompile Include="Engine\Components\Transform2D.cpp" />
    <ClCompile Include="Engine\ResourceManagement\ResourceManager.cpp" />
    <ClCompile Include="Engine\Systems\ConcreteSystem.cpp" />
    <ClCompile Include="Engine\Systems\PhysicsSystem.cpp" />
    <ClCompile Include="Engine\Systems\System.cpp" />
    <ClCompile Include="Engine\Timer.cpp" />
    <ClCompile Include="Engine\Utils\file_utils.cpp" />
    <ClCompile Include="Engine\GameTemplate\Scene.cpp" />
    <ClCompile Include="Engine\Jobs\JobSystem.cpp" />
    <ClCompile Include="Engine\Jobs\JobThread.cpp" />
    <ClCompile Include="Engine\Systems\UpdateJob.cpp" />
    <ClCompile Include="main.cpp" />
    <ClCompile Include="Engine\Test\ECS\Signatures\settings.cpp" />
    <ClCompile Include="Engine\Test\ECS\Signatures\signature_bitsets.cpp" />
    <ClCompile Include="Engine\Test\ECS\Signatures\signature_bitsets_storage.cpp" />
  </ItemGroup>
  <ItemGroup>
    <ClInclude Include="Demos\test_relative_transform.h" />
    <ClInclude Include="Engine\Camera.h" />
    <ClInclude Include="Engine\Clock.h" />
    <ClInclude Include="Engine\Components\Component.h" />
    <ClInclude Include="Engine\Components\HierarchyNode.h" />
    <ClInclude Include="Engine\Components\RelativeTransform.h" />
    <ClInclude Include="Engine\Components\Renderer.h" />
    <ClInclude Include="Engine\Components\RigidBody.h" />
    <ClInclude Include="Engine\Config\BaseConfig.h" />
    <ClInclude Include="Engine\Config\ConfigManager.h" />
    <ClInclude Include="Engine\Config\EngineConfigData.h" />
    <ClInclude Include="Engine\Config\config.h" />
    <ClInclude Include="Engine\Config\EngineConfig.h" />
    <ClInclude Include="Engine\Config\JsonConfig.h" />
    <ClInclude Include="Engine\Config\Loadable.h" />
    <ClInclude Include="Engine\EngineConfig.h" />
    <ClInclude Include="Engine\EntityManager.h" />
    <ClInclude Include="Engine\GameTemplate\Game.h" />
    <ClInclude Include="Engine\GameTemplate\global_shortcuts.h" />
    <ClInclude Include="Engine\GameWindow.h" />
    <ClInclude Include="Engine\Object.h" />
    <ClInclude Include="Engine\Render\DrawCall.h" />
    <ClInclude Include="Engine\Render\GameRenderer.h" />
    <ClInclude Include="Engine\Render\Shader.h" />
    <ClInclude Include="Engine\Render\Texture.h" />
    <ClInclude Include="Engine\Components\Transform2D.h" />
    <ClInclude Include="Engine\ResourceManagement\ResourceManager.h" />
    <ClInclude Include="Engine\SleepTypes.h" />
    <ClInclude Include="Engine\Systems\ConcreteSystem.h" />
    <ClInclude Include="Engine\Systems\PhysicsSystem.h" />
    <ClInclude Include="Engine\Systems\System.h" />
    <ClInclude Include="Engine\Timer.h" />
    <ClInclude Include="Engine\Transform2DData.h" />
    <ClInclude Include="Engine\Utils\aliases.h" />
    <ClInclude Include="Engine\Utils\FactoryUtils.h" />
    <ClInclude Include="Engine\Utils\file_utils.h" />
    <ClInclude Include="Engine\Utils\json_serialize_utils.h" />
    <ClInclude Include="Engine\Utils\MacroUtils.h" />
    <ClInclude Include="Engine\Utils\math.h" />
    <ClInclude Include="Engine\object_shortcuts.h" />
    <ClInclude Include="Engine\Utils\stl_utils.h" />
    <ClInclude Include="Engine\Utils\unit_utils.h" />
    <ClInclude Include="Engine\GameTemplate\Scene.h" />
    <ClInclude Include="Engine\Jobs\Event.h" />
    <ClInclude Include="Engine\Jobs\Job.h" />
    <ClInclude Include="Engine\Jobs\JobAffinity.h" />
    <ClInclude Include="Engine\Jobs\JobSystem.h" />
    <ClInclude Include="Engine\Jobs\ThreadSafeQueue.h" />
    <ClInclude Include="Engine\Jobs\JobThread.h" />
    <ClInclude Include="Engine\Render\UpdateRenderBridge.h" />
    <ClInclude Include="Engine\Systems\UpdateJob.h" />
    <ClInclude Include="Engine\DeltaTimeData.h" />
    <ClInclude Include="Engine\Systems\Systems.h" />
    <ClInclude Include="Engine\ECS\Signatures\brigand_type_macro.h" />
    <ClInclude Include="Engine\ECS\Signatures\Settings.h" />
    <ClInclude Include="Engine\ECS\Signatures\Signature.h" />
    <ClInclude Include="Engine\ECS\Signatures\SignatureBitsets.h" />
    <ClInclude Include="Engine\ECS\Signatures\SignatureBitsetsStorage.h" />
    <ClInclude Include="Engine\Test\ECS\Signatures\print_type.h" />
    <ClInclude Include="Engine\Test\ECS\Signatures\test_type_defs.h" />
  </ItemGroup>
  <ItemGroup>
    <None Include="Engine\Render\Shaders\shader.fs" />
    <None Include="Engine\Render\Shaders\shader.vs" />
    <None Include="packages.config" />
    <None Include="Config\config.json" />
  </ItemGroup>
</Project>